
Microsoft Visual Studio Solution File, Format Version 12.00
# Visual Studio 14
VisualStudioVersion = 14.0.25420.1
MinimumVisualStudioVersion = 10.0.40219.1
Project("{FAE04EC0-301F-11D3-BF4B-00C04F79EFBC}") = "ApplicationLayerKarnaughMapTermProject", "KarnaughMapTermProject\ApplicationLayerKarnaughMapTermProject.csproj", "{524299CB-216B-4B0D-9980-47CE5AD8B315}"
EndProject
Project("{FAE04EC0-301F-11D3-BF4B-00C04F79EFBC}") = "BusinessLogicLayer", "BusinessLogicLayer\BusinessLogicLayer.csproj", "{05091348-D985-40A7-B146-C90783F0ED90}"
EndProject
Global
	GlobalSection(SolutionConfigurationPlatforms) = preSolution
		Debug|Any CPU = Debug|Any CPU
		Release|Any CPU = Release|Any CPU
	EndGlobalSection
	GlobalSection(ProjectConfigurationPlatforms) = postSolution
		{524299CB-216B-4B0D-9980-47CE5AD8B315}.Debug|Any CPU.ActiveCfg = Debug|Any CPU
		{524299CB-216B-4B0D-9980-47CE5AD8B315}.Debug|Any CPU.Build.0 = Debug|Any CPU
		{524299CB-216B-4B0D-9980-47CE5AD8B315}.Release|Any CPU.ActiveCfg = Release|Any CPU
		{524299CB-216B-4B0D-9980-47CE5AD8B315}.Release|Any CPU.Build.0 = Release|Any CPU
		{05091348-D985-40A7-B146-C90783F0ED90}.Debug|Any CPU.ActiveCfg = Debug|Any CPU
		{05091348-D985-40A7-B146-C90783F0ED90}.Debug|Any CPU.Build.0 = Debug|Any CPU
		{05091348-D985-40A7-B146-C90783F0ED90}.Release|Any CPU.ActiveCfg = Release|Any CPU
		{05091348-D985-40A7-B146-C90783F0ED90}.Release|Any CPU.Build.0 = Release|Any CPU
	EndGlobalSection
	GlobalSection(SolutionProperties) = preSolution
		HideSolutionNode = FALSE
	EndGlobalSection
EndGlobal
